
Microsoft Visual Studio Solution File, Format Version 12.00
# Visual Studio Version 17
VisualStudioVersion = 17.14.36811.4
MinimumVisualStudioVersion = 10.0.40219.1
Project("{FAE04EC0-301F-11D3-BF4B-00C04F79EFBC}") = "Api", "Api\Api.csproj", "{6B1E4B09-1DB6-48CA-8901-73A8249B321D}"
EndProject
Project("{FAE04EC0-301F-11D3-BF4B-00C04F79EFBC}") = "Downloader", "Downloader\Downloader.csproj", "{BD0E90FC-7DD1-435D-8E38-CB739B6435B9}"
EndProject
Project("{FAE04EC0-301F-11D3-BF4B-00C04F79EFBC}") = "ApiTests", "ApiTests\ApiTests.csproj", "{8DF50A4C-8EF1-4ACC-BC72-15B4C54B5122}"
EndProject
Global
	GlobalSection(SolutionConfigurationPlatforms) = preSolution
		Debug|Any CPU = Debug|Any CPU
		Release|Any CPU = Release|Any CPU
	EndGlobalSection
	GlobalSection(ProjectConfigurationPlatforms) = postSolution
		{6B1E4B09-1DB6-48CA-8901-73A8249B321D}.Debug|Any CPU.ActiveCfg = Debug|Any CPU
		{6B1E4B09-1DB6-48CA-8901-73A8249B321D}.Debug|Any CPU.Build.0 = Debug|Any CPU
		{6B1E4B09-1DB6-48CA-8901-73A8249B321D}.Release|Any CPU.ActiveCfg = Release|Any CPU
		{6B1E4B09-1DB6-48CA-8901-73A8249B321D}.Release|Any CPU.Build.0 = Release|Any CPU
		{BD0E90FC-7DD1-435D-8E38-CB739B6435B9}.Debug|Any CPU.ActiveCfg = Debug|Any CPU
		{BD0E90FC-7DD1-435D-8E38-CB739B6435B9}.Debug|Any CPU.Build.0 = Debug|Any CPU
		{BD0E90FC-7DD1-435D-8E38-CB739B6435B9}.Release|Any CPU.ActiveCfg = Release|Any CPU
		{BD0E90FC-7DD1-435D-8E38-CB739B6435B9}.Release|Any CPU.Build.0 = Release|Any CPU
		{8DF50A4C-8EF1-4ACC-BC72-15B4C54B5122}.Debug|Any CPU.ActiveCfg = Debug|Any CPU
		{8DF50A4C-8EF1-4ACC-BC72-15B4C54B5122}.Debug|Any CPU.Build.0 = Debug|Any CPU
		{8DF50A4C-8EF1-4ACC-BC72-15B4C54B5122}.Release|Any CPU.ActiveCfg = Release|Any CPU
		{8DF50A4C-8EF1-4ACC-BC72-15B4C54B5122}.Release|Any CPU.Build.0 = Release|Any CPU
	EndGlobalSection
	GlobalSection(SolutionProperties) = preSolution
		HideSolutionNode = FALSE
	EndGlobalSection
	GlobalSection(ExtensibilityGlobals) = postSolution
		SolutionGuid = {F6C0453F-CC2F-4689-8A56-0A1750D80B75}
	EndGlobalSection
EndGlobal
